
Microsoft Visual Studio Solution File, Format Version 12.00
# Visual Studio Version 16
VisualStudioVersion = 16.0.28922.388
MinimumVisualStudioVersion = 10.0.40219.1
Project("{FAE04EC0-301F-11D3-BF4B-00C04F79EFBC}") = "FactorialwithForLoopNoah", "FactorialwithForLoopNoah\FactorialwithForLoopNoah.csproj", "{38AE7381-D98B-4B6D-BC96-95E77CB918A3}"
EndProject
Global
	GlobalSection(SolutionConfigurationPlatforms) = preSolution
		Debug|Any CPU = Debug|Any CPU
		Release|Any CPU = Release|Any CPU
	EndGlobalSection
	GlobalSection(ProjectConfigurationPlatforms) = postSolution
		{38AE7381-D98B-4B6D-BC96-95E77CB918A3}.Debug|Any CPU.ActiveCfg = Debug|Any CPU
		{38AE7381-D98B-4B6D-BC96-95E77CB918A3}.Debug|Any CPU.Build.0 = Debug|Any CPU
		{38AE7381-D98B-4B6D-BC96-95E77CB918A3}.Release|Any CPU.ActiveCfg = Release|Any CPU
		{38AE7381-D98B-4B6D-BC96-95E77CB918A3}.Release|Any CPU.Build.0 = Release|Any CPU
	EndGlobalSection
	GlobalSection(SolutionProperties) = preSolution
		HideSolutionNode = FALSE
	EndGlobalSection
	GlobalSection(ExtensibilityGlobals) = postSolution
		SolutionGuid = {02C95CAF-40FC-4925-B65F-0A0EA471543A}
	EndGlobalSection
EndGlobal
